
Microsoft Visual Studio Solution File, Format Version 12.00
# Visual Studio Version 17
VisualStudioVersion = 17.14.36804.6 d17.14
MinimumVisualStudioVersion = 10.0.40219.1
Project("{FAE04EC0-301F-11D3-BF4B-00C04F79EFBC}") = "HashGenerator", "HashGenerator\HashGenerator.csproj", "{879DAA3D-A62C-47E9-86AA-2B7EEC57DF4E}"
EndProject
Global
	GlobalSection(SolutionConfigurationPlatforms) = preSolution
		Debug|Any CPU = Debug|Any CPU
		Release|Any CPU = Release|Any CPU
	EndGlobalSection
	GlobalSection(ProjectConfigurationPlatforms) = postSolution
		{879DAA3D-A62C-47E9-86AA-2B7EEC57DF4E}.Debug|Any CPU.ActiveCfg = Debug|Any CPU
		{879DAA3D-A62C-47E9-86AA-2B7EEC57DF4E}.Debug|Any CPU.Build.0 = Debug|Any CPU
		{879DAA3D-A62C-47E9-86AA-2B7EEC57DF4E}.Release|Any CPU.ActiveCfg = Release|Any CPU
		{879DAA3D-A62C-47E9-86AA-2B7EEC57DF4E}.Release|Any CPU.Build.0 = Release|Any CPU
	EndGlobalSection
	GlobalSection(SolutionProperties) = preSolution
		HideSolutionNode = FALSE
	EndGlobalSection
	GlobalSection(ExtensibilityGlobals) = postSolution
		SolutionGuid = {7E814A11-1A42-4486-9D9A-DC7842E5B642}
	EndGlobalSection
EndGlobal
